schema: '2.0'
stages:
  data_collection:
    cmd: python src/data_collection.py
    deps:
    - path: src/data_collection.py
      hash: md5
      md5: 151a043b7844f9e64de18fe90cfc18cd
      size: 2074
    params:
      params.yaml:
        data_collection.test_size: 0.2
    outs:
    - path: data/raw
      hash: md5
      md5: c0c2d65c14a603e91e029fda3c344a5c.dir
      size: 522262
      nfiles: 2
  data_preprocessing:
    cmd: python src/data_preprocessing.py
    deps:
    - path: data/raw
      hash: md5
      md5: c0c2d65c14a603e91e029fda3c344a5c.dir
      size: 522262
      nfiles: 2
    - path: src/data_preprocessing.py
      hash: md5
      md5: 6df8688b223df822853688142fcf7331
      size: 1568
    outs:
    - path: data/processed
      hash: md5
      md5: 3f70ab4a9b6cf3a06aa53fa53c7f3bf3.dir
      size: 546137
      nfiles: 2
  model_building:
    cmd: python src/model_building.py
    deps:
    - path: data/processed
      hash: md5
      md5: 3f70ab4a9b6cf3a06aa53fa53c7f3bf3.dir
      size: 546137
      nfiles: 2
    - path: src/model_building.py
      hash: md5
      md5: 3abdca6bd8fb18470e5b82d8120c40e9
      size: 748
    params:
      params.yaml:
        model_building.max_depth: 5
        model_building.min_samples_leaf: 5
        model_building.n_estimators: 50
    outs:
    - path: model.pkl
      hash: md5
      md5: 2946705a1daa5c2b6da9c69033565915
      size: 173257
  model_evaluation:
    cmd: python src/model_evaluation.py
    deps:
    - path: .\src\model_evaluation.py
      hash: md5
      md5: fc6ed83e2b3f36d59f2dd26ada40568b
      size: 817
    - path: data/processed
      hash: md5
      md5: 3f70ab4a9b6cf3a06aa53fa53c7f3bf3.dir
      size: 546137
      nfiles: 2
    - path: model.pkl
      hash: md5
      md5: 2946705a1daa5c2b6da9c69033565915
      size: 173257
    outs:
    - path: metrics.json
      hash: md5
      md5: 90462ac5dc00c70ed44fec193541810a
      size: 151
