schema: '2.0'
stages:
  data_collection:
    cmd: python src/data_collection.py
    deps:
    - path: src/data_collection.py
      hash: md5
      md5: 151a043b7844f9e64de18fe90cfc18cd
      size: 2074
    params:
      params.yaml:
        data_collection.test_size: 0.2
    outs:
    - path: data/raw
      hash: md5
      md5: c0c2d65c14a603e91e029fda3c344a5c.dir
      size: 522262
      nfiles: 2
  data_preprocessing:
    cmd: python src/data_preprocessing.py
    deps:
    - path: data/raw
      hash: md5
      md5: c0c2d65c14a603e91e029fda3c344a5c.dir
      size: 522262
      nfiles: 2
    - path: src/data_preprocessing.py
      hash: md5
      md5: 60c75b4e02f7a88dd97561f00106c667
      size: 1689
    outs:
    - path: data/processed
      hash: md5
      md5: 3f70ab4a9b6cf3a06aa53fa53c7f3bf3.dir
      size: 546137
      nfiles: 2
  model_building:
    cmd: python src/model_building.py
    deps:
    - path: data/processed
      hash: md5
      md5: 3f70ab4a9b6cf3a06aa53fa53c7f3bf3.dir
      size: 546137
      nfiles: 2
    - path: src/model_building.py
      hash: md5
      md5: 3e733bda8cd942c96e2fecb94552ce14
      size: 2921
    params:
      params.yaml:
        model_building.max_depth: 5
        model_building.min_samples_leaf: 5
        model_building.n_estimators: 50
    outs:
    - path: model.pkl
      hash: md5
      md5: 4ef6af5303e291fdcc907edf774184c2
      size: 184296
  model_evaluation:
    cmd: python src/model_evaluation.py
    deps:
    - path: .\src\model_evaluation.py
      hash: md5
      md5: 5cf5343911f2fe003177a9e73462d01c
      size: 2956
    - path: data/processed
      hash: md5
      md5: 3f70ab4a9b6cf3a06aa53fa53c7f3bf3.dir
      size: 546137
      nfiles: 2
    - path: model.pkl
      hash: md5
      md5: 4ef6af5303e291fdcc907edf774184c2
      size: 184296
    outs:
    - path: metrics.json
      hash: md5
      md5: 113e7d9cca90fdd79cb6b5ac1b3e6059
      size: 132
